
Microsoft Visual Studio Solution File, Format Version 12.00
# Visual Studio Version 17
VisualStudioVersion = 17.12.35707.178
MinimumVisualStudioVersion = 10.0.40219.1
Project("{2150E333-8FDC-42A3-9474-1A3956D46DE8}") = "lesson_02", "lesson_02", "{39916CA5-5156-4CF4-B047-7FFE4E9A8537}"
EndProject
Project("{FAE04EC0-301F-11D3-BF4B-00C04F79EFBC}") = "task_02_02", "task_02_02\task_02_02.csproj", "{685F1001-1234-474B-A76D-AB8C7571C8BF}"
EndProject
Project("{FAE04EC0-301F-11D3-BF4B-00C04F79EFBC}") = "task_02_04", "task_02_04\task_02_04.csproj", "{34E58D60-102D-4708-85E2-785FA11D2FCE}"
EndProject
Project("{2150E333-8FDC-42A3-9474-1A3956D46DE8}") = "lesson_03", "lesson_03", "{E040138B-A81E-4822-8C0A-A16406A6206F}"
EndProject
Project("{FAE04EC0-301F-11D3-BF4B-00C04F79EFBC}") = "task_03_05", "task_03_05\task_03_05.csproj", "{C4EB289E-69A8-4F74-9739-DAAB327CFA7F}"
EndProject
Project("{FAE04EC0-301F-11D3-BF4B-00C04F79EFBC}") = "task_03_06", "task_03_06\task_03_06.csproj", "{4375F117-C985-4096-A8E1-4C81A49A5171}"
EndProject
Project("{FAE04EC0-301F-11D3-BF4B-00C04F79EFBC}") = "task_03_04", "task_03_04\task_03_04.csproj", "{B5794913-3D72-48CE-BFEA-3D1134BAAF4A}"
EndProject
Project("{FAE04EC0-301F-11D3-BF4B-00C04F79EFBC}") = "task_03_07", "task_03_07\task_03_07.csproj", "{1B5CF973-157F-4D9A-A6A5-086FF60B1019}"
EndProject
Project("{FAE04EC0-301F-11D3-BF4B-00C04F79EFBC}") = "task_03_08", "task_03_08\task_03_08.csproj", "{7B759B76-AEE2-477D-9452-F88669DA3BDD}"
EndProject
Project("{FAE04EC0-301F-11D3-BF4B-00C04F79EFBC}") = "task_03_09", "task_03_09\task_03_09.csproj", "{E0A87E63-D400-4F8D-85ED-F3A3924F49F9}"
EndProject
Project("{2150E333-8FDC-42A3-9474-1A3956D46DE8}") = "lesson_04", "lesson_04", "{C98C032F-0694-4AAE-9E44-FA31E51377DF}"
EndProject
Project("{FAE04EC0-301F-11D3-BF4B-00C04F79EFBC}") = "task_04_05", "task_04_05\task_04_05.csproj", "{3A8CDE47-3721-4812-9F6B-6D4F9ADA21E5}"
EndProject
Project("{FAE04EC0-301F-11D3-BF4B-00C04F79EFBC}") = "task_04_06", "task_04_06\task_04_06.csproj", "{D8FE75C6-74FC-4CC3-9EC7-C72B0A228A4B}"
EndProject
Project("{FAE04EC0-301F-11D3-BF4B-00C04F79EFBC}") = "task_04_07", "task_04_07\task_04_07.csproj", "{CB24D323-61D1-4057-A98A-EBD1047A166D}"
EndProject
Project("{FAE04EC0-301F-11D3-BF4B-00C04F79EFBC}") = "task_04_08", "task_04_08\task_04_08.csproj", "{451D69FB-6A65-4F1F-8CCC-BD5890807E8B}"
EndProject
Project("{FAE04EC0-301F-11D3-BF4B-00C04F79EFBC}") = "task_04_09", "task_04_09\task_04_09.csproj", "{16CFEAB8-C1E4-4ED0-B125-CB948444DA63}"
EndProject
Project("{FAE04EC0-301F-11D3-BF4B-00C04F79EFBC}") = "task_04_10", "task_04_10\task_04_10.csproj", "{275A7130-4677-4E6A-99C3-FAFDCA06E0E2}"
EndProject
Project("{2150E333-8FDC-42A3-9474-1A3956D46DE8}") = "lesson_05", "lesson_05", "{7AB455C2-1571-42DA-B8CB-71056AF3B2B0}"
EndProject
Project("{FAE04EC0-301F-11D3-BF4B-00C04F79EFBC}") = "task_05_03", "task_05_03\task_05_03.csproj", "{399F0047-96D6-4511-833F-E1ADD2F4F868}"
EndProject
Project("{FAE04EC0-301F-11D3-BF4B-00C04F79EFBC}") = "task_05_07", "task_05_07\task_05_07.csproj", "{75009E34-1FBF-43D8-BDDD-D35543175256}"
EndProject
Project("{FAE04EC0-301F-11D3-BF4B-00C04F79EFBC}") = "task_05_04", "task_05_04\task_05_04.csproj", "{2C5B7C5F-8C6C-44B8-87C9-B710C642666A}"
EndProject
Project("{FAE04EC0-301F-11D3-BF4B-00C04F79EFBC}") = "task_05_05", "task_05_05\task_05_05.csproj", "{81BD1CCC-22F8-43F7-A5B4-5017783B06BD}"
EndProject
Project("{FAE04EC0-301F-11D3-BF4B-00C04F79EFBC}") = "task_05_06", "task_05_06\task_05_06.csproj", "{FA642AC1-99D6-4524-BD6D-BDEB52B522FE}"
EndProject
Project("{FAE04EC0-301F-11D3-BF4B-00C04F79EFBC}") = "task_05_08", "task_05_08\task_05_08.csproj", "{48E4C98A-19FC-468D-80BC-AF6EDC29B4D0}"
EndProject
Project("{FAE04EC0-301F-11D3-BF4B-00C04F79EFBC}") = "task_05_09", "task_05_09\task_05_09.csproj", "{B772EB13-ECE8-456D-A889-09EEEF70DF49}"
EndProject
Project("{2150E333-8FDC-42A3-9474-1A3956D46DE8}") = "lesson_10", "lesson_10", "{5184C584-D864-4F87-9F06-986010CF015C}"
EndProject
Project("{FAE04EC0-301F-11D3-BF4B-00C04F79EFBC}") = "task_10_06", "task_10_06\task_10_06.csproj", "{413B1885-DDD1-4DB9-9921-D97FC4D27185}"
EndProject
Project("{FAE04EC0-301F-11D3-BF4B-00C04F79EFBC}") = "task_10_07", "task_10_07\task_10_07.csproj", "{95D8B9E7-5012-4991-94D3-70A3241619BC}"
EndProject
Project("{FAE04EC0-301F-11D3-BF4B-00C04F79EFBC}") = "task_10_08", "task_10_08\task_10_08.csproj", "{AF0B4956-C89C-41FE-AF05-660A1DAD3800}"
EndProject
Project("{2150E333-8FDC-42A3-9474-1A3956D46DE8}") = "lesson_11", "lesson_11", "{2D59AC82-81F0-4866-BE02-B7725005DEEE}"
EndProject
Project("{FAE04EC0-301F-11D3-BF4B-00C04F79EFBC}") = "task_11_01", "task_11_01\task_11_01.csproj", "{349D0DC6-C4EE-441B-AD4C-2120CBE4DB17}"
EndProject
Project("{FAE04EC0-301F-11D3-BF4B-00C04F79EFBC}") = "task_11_02", "task_11_02\task_11_02.csproj", "{66605331-CF75-4B89-AB8F-B8864BE67FA8}"
EndProject
Project("{FAE04EC0-301F-11D3-BF4B-00C04F79EFBC}") = "task_11_03", "task_11_03\task_11_03.csproj", "{4B01D261-8079-4A91-B3BC-C56C2828EBD8}"
EndProject
Project("{FAE04EC0-301F-11D3-BF4B-00C04F79EFBC}") = "task_11_04", "task_11_04\task_11_04.csproj", "{0E813D3B-83E3-45E3-911E-476A2EB91155}"
EndProject
Project("{FAE04EC0-301F-11D3-BF4B-00C04F79EFBC}") = "task_11_05", "task_11_05\task_11_05.csproj", "{840E5017-A72C-4935-8267-06866B7F6BBC}"
EndProject
Project("{FAE04EC0-301F-11D3-BF4B-00C04F79EFBC}") = "task_11_06", "task_11_06\task_11_06.csproj", "{86EE82F8-9CEC-4498-A19F-A41D0DABBD16}"
EndProject
Project("{FAE04EC0-301F-11D3-BF4B-00C04F79EFBC}") = "task_11_07", "task_11_07\task_11_07.csproj", "{2F6FBB6F-59CB-4E31-8DE0-BDA8F29D6EC9}"
EndProject
Global
	GlobalSection(SolutionConfigurationPlatforms) = preSolution
		Debug|Any CPU = Debug|Any CPU
		Release|Any CPU = Release|Any CPU
	EndGlobalSection
	GlobalSection(ProjectConfigurationPlatforms) = postSolution
		{685F1001-1234-474B-A76D-AB8C7571C8BF}.Debug|Any CPU.ActiveCfg = Debug|Any CPU
		{685F1001-1234-474B-A76D-AB8C7571C8BF}.Debug|Any CPU.Build.0 = Debug|Any CPU
		{685F1001-1234-474B-A76D-AB8C7571C8BF}.Release|Any CPU.ActiveCfg = Release|Any CPU
		{685F1001-1234-474B-A76D-AB8C7571C8BF}.Release|Any CPU.Build.0 = Release|Any CPU
		{34E58D60-102D-4708-85E2-785FA11D2FCE}.Debug|Any CPU.ActiveCfg = Debug|Any CPU
		{34E58D60-102D-4708-85E2-785FA11D2FCE}.Debug|Any CPU.Build.0 = Debug|Any CPU
		{34E58D60-102D-4708-85E2-785FA11D2FCE}.Release|Any CPU.ActiveCfg = Release|Any CPU
		{34E58D60-102D-4708-85E2-785FA11D2FCE}.Release|Any CPU.Build.0 = Release|Any CPU
		{C4EB289E-69A8-4F74-9739-DAAB327CFA7F}.Debug|Any CPU.ActiveCfg = Debug|Any CPU
		{C4EB289E-69A8-4F74-9739-DAAB327CFA7F}.Debug|Any CPU.Build.0 = Debug|Any CPU
		{C4EB289E-69A8-4F74-9739-DAAB327CFA7F}.Release|Any CPU.ActiveCfg = Release|Any CPU
		{C4EB289E-69A8-4F74-9739-DAAB327CFA7F}.Release|Any CPU.Build.0 = Release|Any CPU
		{4375F117-C985-4096-A8E1-4C81A49A5171}.Debug|Any CPU.ActiveCfg = Debug|Any CPU
		{4375F117-C985-4096-A8E1-4C81A49A5171}.Debug|Any CPU.Build.0 = Debug|Any CPU
		{4375F117-C985-4096-A8E1-4C81A49A5171}.Release|Any CPU.ActiveCfg = Release|Any CPU
		{4375F117-C985-4096-A8E1-4C81A49A5171}.Release|Any CPU.Build.0 = Release|Any CPU
		{B5794913-3D72-48CE-BFEA-3D1134BAAF4A}.Debug|Any CPU.ActiveCfg = Debug|Any CPU
		{B5794913-3D72-48CE-BFEA-3D1134BAAF4A}.Debug|Any CPU.Build.0 = Debug|Any CPU
		{B5794913-3D72-48CE-BFEA-3D1134BAAF4A}.Release|Any CPU.ActiveCfg = Release|Any CPU
		{B5794913-3D72-48CE-BFEA-3D1134BAAF4A}.Release|Any CPU.Build.0 = Release|Any CPU
		{1B5CF973-157F-4D9A-A6A5-086FF60B1019}.Debug|Any CPU.ActiveCfg = Debug|Any CPU
		{1B5CF973-157F-4D9A-A6A5-086FF60B1019}.Debug|Any CPU.Build.0 = Debug|Any CPU
		{1B5CF973-157F-4D9A-A6A5-086FF60B1019}.Release|Any CPU.ActiveCfg = Release|Any CPU
		{1B5CF973-157F-4D9A-A6A5-086FF60B1019}.Release|Any CPU.Build.0 = Release|Any CPU
		{7B759B76-AEE2-477D-9452-F88669DA3BDD}.Debug|Any CPU.ActiveCfg = Debug|Any CPU
		{7B759B76-AEE2-477D-9452-F88669DA3BDD}.Debug|Any CPU.Build.0 = Debug|Any CPU
		{7B759B76-AEE2-477D-9452-F88669DA3BDD}.Release|Any CPU.ActiveCfg = Release|Any CPU
		{7B759B76-AEE2-477D-9452-F88669DA3BDD}.Release|Any CPU.Build.0 = Release|Any CPU
		{E0A87E63-D400-4F8D-85ED-F3A3924F49F9}.Debug|Any CPU.ActiveCfg = Debug|Any CPU
		{E0A87E63-D400-4F8D-85ED-F3A3924F49F9}.Debug|Any CPU.Build.0 = Debug|Any CPU
		{E0A87E63-D400-4F8D-85ED-F3A3924F49F9}.Release|Any CPU.ActiveCfg = Release|Any CPU
		{E0A87E63-D400-4F8D-85ED-F3A3924F49F9}.Release|Any CPU.Build.0 = Release|Any CPU
		{3A8CDE47-3721-4812-9F6B-6D4F9ADA21E5}.Debug|Any CPU.ActiveCfg = Debug|Any CPU
		{3A8CDE47-3721-4812-9F6B-6D4F9ADA21E5}.Debug|Any CPU.Build.0 = Debug|Any CPU
		{3A8CDE47-3721-4812-9F6B-6D4F9ADA21E5}.Release|Any CPU.ActiveCfg = Release|Any CPU
		{3A8CDE47-3721-4812-9F6B-6D4F9ADA21E5}.Release|Any CPU.Build.0 = Release|Any CPU
		{D8FE75C6-74FC-4CC3-9EC7-C72B0A228A4B}.Debug|Any CPU.ActiveCfg = Debug|Any CPU
		{D8FE75C6-74FC-4CC3-9EC7-C72B0A228A4B}.Debug|Any CPU.Build.0 = Debug|Any CPU
		{D8FE75C6-74FC-4CC3-9EC7-C72B0A228A4B}.Release|Any CPU.ActiveCfg = Release|Any CPU
		{D8FE75C6-74FC-4CC3-9EC7-C72B0A228A4B}.Release|Any CPU.Build.0 = Release|Any CPU
		{CB24D323-61D1-4057-A98A-EBD1047A166D}.Debug|Any CPU.ActiveCfg = Debug|Any CPU
		{CB24D323-61D1-4057-A98A-EBD1047A166D}.Debug|Any CPU.Build.0 = Debug|Any CPU
		{CB24D323-61D1-4057-A98A-EBD1047A166D}.Release|Any CPU.ActiveCfg = Release|Any CPU
		{CB24D323-61D1-4057-A98A-EBD1047A166D}.Release|Any CPU.Build.0 = Release|Any CPU
		{451D69FB-6A65-4F1F-8CCC-BD5890807E8B}.Debug|Any CPU.ActiveCfg = Debug|Any CPU
		{451D69FB-6A65-4F1F-8CCC-BD5890807E8B}.Debug|Any CPU.Build.0 = Debug|Any CPU
		{451D69FB-6A65-4F1F-8CCC-BD5890807E8B}.Release|Any CPU.ActiveCfg = Release|Any CPU
		{451D69FB-6A65-4F1F-8CCC-BD5890807E8B}.Release|Any CPU.Build.0 = Release|Any CPU
		{16CFEAB8-C1E4-4ED0-B125-CB948444DA63}.Debug|Any CPU.ActiveCfg = Debug|Any CPU
		{16CFEAB8-C1E4-4ED0-B125-CB948444DA63}.Debug|Any CPU.Build.0 = Debug|Any CPU
		{16CFEAB8-C1E4-4ED0-B125-CB948444DA63}.Release|Any CPU.ActiveCfg = Release|Any CPU
		{16CFEAB8-C1E4-4ED0-B125-CB948444DA63}.Release|Any CPU.Build.0 = Release|Any CPU
		{275A7130-4677-4E6A-99C3-FAFDCA06E0E2}.Debug|Any CPU.ActiveCfg = Debug|Any CPU
		{275A7130-4677-4E6A-99C3-FAFDCA06E0E2}.Debug|Any CPU.Build.0 = Debug|Any CPU
		{275A7130-4677-4E6A-99C3-FAFDCA06E0E2}.Release|Any CPU.ActiveCfg = Release|Any CPU
		{275A7130-4677-4E6A-99C3-FAFDCA06E0E2}.Release|Any CPU.Build.0 = Release|Any CPU
		{399F0047-96D6-4511-833F-E1ADD2F4F868}.Debug|Any CPU.ActiveCfg = Debug|Any CPU
		{399F0047-96D6-4511-833F-E1ADD2F4F868}.Debug|Any CPU.Build.0 = Debug|Any CPU
		{399F0047-96D6-4511-833F-E1ADD2F4F868}.Release|Any CPU.ActiveCfg = Release|Any CPU
		{399F0047-96D6-4511-833F-E1ADD2F4F868}.Release|Any CPU.Build.0 = Release|Any CPU
		{75009E34-1FBF-43D8-BDDD-D35543175256}.Debug|Any CPU.ActiveCfg = Debug|Any CPU
		{75009E34-1FBF-43D8-BDDD-D35543175256}.Debug|Any CPU.Build.0 = Debug|Any CPU
		{75009E34-1FBF-43D8-BDDD-D35543175256}.Release|Any CPU.ActiveCfg = Release|Any CPU
		{75009E34-1FBF-43D8-BDDD-D35543175256}.Release|Any CPU.Build.0 = Release|Any CPU
		{2C5B7C5F-8C6C-44B8-87C9-B710C642666A}.Debug|Any CPU.ActiveCfg = Debug|Any CPU
		{2C5B7C5F-8C6C-44B8-87C9-B710C642666A}.Debug|Any CPU.Build.0 = Debug|Any CPU
		{2C5B7C5F-8C6C-44B8-87C9-B710C642666A}.Release|Any CPU.ActiveCfg = Release|Any CPU
		{2C5B7C5F-8C6C-44B8-87C9-B710C642666A}.Release|Any CPU.Build.0 = Release|Any CPU
		{81BD1CCC-22F8-43F7-A5B4-5017783B06BD}.Debug|Any CPU.ActiveCfg = Debug|Any CPU
		{81BD1CCC-22F8-43F7-A5B4-5017783B06BD}.Debug|Any CPU.Build.0 = Debug|Any CPU
		{81BD1CCC-22F8-43F7-A5B4-5017783B06BD}.Release|Any CPU.ActiveCfg = Release|Any CPU
		{81BD1CCC-22F8-43F7-A5B4-5017783B06BD}.Release|Any CPU.Build.0 = Release|Any CPU
		{FA642AC1-99D6-4524-BD6D-BDEB52B522FE}.Debug|Any CPU.ActiveCfg = Debug|Any CPU
		{FA642AC1-99D6-4524-BD6D-BDEB52B522FE}.Debug|Any CPU.Build.0 = Debug|Any CPU
		{FA642AC1-99D6-4524-BD6D-BDEB52B522FE}.Release|Any CPU.ActiveCfg = Release|Any CPU
		{FA642AC1-99D6-4524-BD6D-BDEB52B522FE}.Release|Any CPU.Build.0 = Release|Any CPU
		{48E4C98A-19FC-468D-80BC-AF6EDC29B4D0}.Debug|Any CPU.ActiveCfg = Debug|Any CPU
		{48E4C98A-19FC-468D-80BC-AF6EDC29B4D0}.Debug|Any CPU.Build.0 = Debug|Any CPU
		{48E4C98A-19FC-468D-80BC-AF6EDC29B4D0}.Release|Any CPU.ActiveCfg = Release|Any CPU
		{48E4C98A-19FC-468D-80BC-AF6EDC29B4D0}.Release|Any CPU.Build.0 = Release|Any CPU
		{B772EB13-ECE8-456D-A889-09EEEF70DF49}.Debug|Any CPU.ActiveCfg = Debug|Any CPU
		{B772EB13-ECE8-456D-A889-09EEEF70DF49}.Debug|Any CPU.Build.0 = Debug|Any CPU
		{B772EB13-ECE8-456D-A889-09EEEF70DF49}.Release|Any CPU.ActiveCfg = Release|Any CPU
		{B772EB13-ECE8-456D-A889-09EEEF70DF49}.Release|Any CPU.Build.0 = Release|Any CPU
		{413B1885-DDD1-4DB9-9921-D97FC4D27185}.Debug|Any CPU.ActiveCfg = Debug|Any CPU
		{413B1885-DDD1-4DB9-9921-D97FC4D27185}.Debug|Any CPU.Build.0 = Debug|Any CPU
		{413B1885-DDD1-4DB9-9921-D97FC4D27185}.Release|Any CPU.ActiveCfg = Release|Any CPU
		{413B1885-DDD1-4DB9-9921-D97FC4D27185}.Release|Any CPU.Build.0 = Release|Any CPU
		{95D8B9E7-5012-4991-94D3-70A3241619BC}.Debug|Any CPU.ActiveCfg = Debug|Any CPU
		{95D8B9E7-5012-4991-94D3-70A3241619BC}.Debug|Any CPU.Build.0 = Debug|Any CPU
		{95D8B9E7-5012-4991-94D3-70A3241619BC}.Release|Any CPU.ActiveCfg = Release|Any CPU
		{95D8B9E7-5012-4991-94D3-70A3241619BC}.Release|Any CPU.Build.0 = Release|Any CPU
		{AF0B4956-C89C-41FE-AF05-660A1DAD3800}.Debug|Any CPU.ActiveCfg = Debug|Any CPU
		{AF0B4956-C89C-41FE-AF05-660A1DAD3800}.Debug|Any CPU.Build.0 = Debug|Any CPU
		{AF0B4956-C89C-41FE-AF05-660A1DAD3800}.Release|Any CPU.ActiveCfg = Release|Any CPU
		{AF0B4956-C89C-41FE-AF05-660A1DAD3800}.Release|Any CPU.Build.0 = Release|Any CPU
		{349D0DC6-C4EE-441B-AD4C-2120CBE4DB17}.Debug|Any CPU.ActiveCfg = Debug|Any CPU
		{349D0DC6-C4EE-441B-AD4C-2120CBE4DB17}.Debug|Any CPU.Build.0 = Debug|Any CPU
		{349D0DC6-C4EE-441B-AD4C-2120CBE4DB17}.Release|Any CPU.ActiveCfg = Release|Any CPU
		{349D0DC6-C4EE-441B-AD4C-2120CBE4DB17}.Release|Any CPU.Build.0 = Release|Any CPU
		{66605331-CF75-4B89-AB8F-B8864BE67FA8}.Debug|Any CPU.ActiveCfg = Debug|Any CPU
		{66605331-CF75-4B89-AB8F-B8864BE67FA8}.Debug|Any CPU.Build.0 = Debug|Any CPU
		{66605331-CF75-4B89-AB8F-B8864BE67FA8}.Release|Any CPU.ActiveCfg = Release|Any CPU
		{66605331-CF75-4B89-AB8F-B8864BE67FA8}.Release|Any CPU.Build.0 = Release|Any CPU
		{4B01D261-8079-4A91-B3BC-C56C2828EBD8}.Debug|Any CPU.ActiveCfg = Debug|Any CPU
		{4B01D261-8079-4A91-B3BC-C56C2828EBD8}.Debug|Any CPU.Build.0 = Debug|Any CPU
		{4B01D261-8079-4A91-B3BC-C56C2828EBD8}.Release|Any CPU.ActiveCfg = Release|Any CPU
		{4B01D261-8079-4A91-B3BC-C56C2828EBD8}.Release|Any CPU.Build.0 = Release|Any CPU
		{0E813D3B-83E3-45E3-911E-476A2EB91155}.Debug|Any CPU.ActiveCfg = Debug|Any CPU
		{0E813D3B-83E3-45E3-911E-476A2EB91155}.Debug|Any CPU.Build.0 = Debug|Any CPU
		{0E813D3B-83E3-45E3-911E-476A2EB91155}.Release|Any CPU.ActiveCfg = Release|Any CPU
		{0E813D3B-83E3-45E3-911E-476A2EB91155}.Release|Any CPU.Build.0 = Release|Any CPU
		{840E5017-A72C-4935-8267-06866B7F6BBC}.Debug|Any CPU.ActiveCfg = Debug|Any CPU
		{840E5017-A72C-4935-8267-06866B7F6BBC}.Debug|Any CPU.Build.0 = Debug|Any CPU
		{840E5017-A72C-4935-8267-06866B7F6BBC}.Release|Any CPU.ActiveCfg = Release|Any CPU
		{840E5017-A72C-4935-8267-06866B7F6BBC}.Release|Any CPU.Build.0 = Release|Any CPU
		{86EE82F8-9CEC-4498-A19F-A41D0DABBD16}.Debug|Any CPU.ActiveCfg = Debug|Any CPU
		{86EE82F8-9CEC-4498-A19F-A41D0DABBD16}.Debug|Any CPU.Build.0 = Debug|Any CPU
		{86EE82F8-9CEC-4498-A19F-A41D0DABBD16}.Release|Any CPU.ActiveCfg = Release|Any CPU
		{86EE82F8-9CEC-4498-A19F-A41D0DABBD16}.Release|Any CPU.Build.0 = Release|Any CPU
		{2F6FBB6F-59CB-4E31-8DE0-BDA8F29D6EC9}.Debug|Any CPU.ActiveCfg = Debug|Any CPU
		{2F6FBB6F-59CB-4E31-8DE0-BDA8F29D6EC9}.Debug|Any CPU.Build.0 = Debug|Any CPU
		{2F6FBB6F-59CB-4E31-8DE0-BDA8F29D6EC9}.Release|Any CPU.ActiveCfg = Release|Any CPU
		{2F6FBB6F-59CB-4E31-8DE0-BDA8F29D6EC9}.Release|Any CPU.Build.0 = Release|Any CPU
	EndGlobalSection
	GlobalSection(SolutionProperties) = preSolution
		HideSolutionNode = FALSE
	EndGlobalSection
	GlobalSection(NestedProjects) = preSolution
		{685F1001-1234-474B-A76D-AB8C7571C8BF} = {39916CA5-5156-4CF4-B047-7FFE4E9A8537}
		{34E58D60-102D-4708-85E2-785FA11D2FCE} = {39916CA5-5156-4CF4-B047-7FFE4E9A8537}
		{C4EB289E-69A8-4F74-9739-DAAB327CFA7F} = {E040138B-A81E-4822-8C0A-A16406A6206F}
		{4375F117-C985-4096-A8E1-4C81A49A5171} = {E040138B-A81E-4822-8C0A-A16406A6206F}
		{B5794913-3D72-48CE-BFEA-3D1134BAAF4A} = {E040138B-A81E-4822-8C0A-A16406A6206F}
		{1B5CF973-157F-4D9A-A6A5-086FF60B1019} = {E040138B-A81E-4822-8C0A-A16406A6206F}
		{7B759B76-AEE2-477D-9452-F88669DA3BDD} = {E040138B-A81E-4822-8C0A-A16406A6206F}
		{E0A87E63-D400-4F8D-85ED-F3A3924F49F9} = {E040138B-A81E-4822-8C0A-A16406A6206F}
		{3A8CDE47-3721-4812-9F6B-6D4F9ADA21E5} = {C98C032F-0694-4AAE-9E44-FA31E51377DF}
		{D8FE75C6-74FC-4CC3-9EC7-C72B0A228A4B} = {C98C032F-0694-4AAE-9E44-FA31E51377DF}
		{CB24D323-61D1-4057-A98A-EBD1047A166D} = {C98C032F-0694-4AAE-9E44-FA31E51377DF}
		{451D69FB-6A65-4F1F-8CCC-BD5890807E8B} = {C98C032F-0694-4AAE-9E44-FA31E51377DF}
		{16CFEAB8-C1E4-4ED0-B125-CB948444DA63} = {C98C032F-0694-4AAE-9E44-FA31E51377DF}
		{275A7130-4677-4E6A-99C3-FAFDCA06E0E2} = {C98C032F-0694-4AAE-9E44-FA31E51377DF}
		{399F0047-96D6-4511-833F-E1ADD2F4F868} = {7AB455C2-1571-42DA-B8CB-71056AF3B2B0}
		{75009E34-1FBF-43D8-BDDD-D35543175256} = {7AB455C2-1571-42DA-B8CB-71056AF3B2B0}
		{2C5B7C5F-8C6C-44B8-87C9-B710C642666A} = {7AB455C2-1571-42DA-B8CB-71056AF3B2B0}
		{81BD1CCC-22F8-43F7-A5B4-5017783B06BD} = {7AB455C2-1571-42DA-B8CB-71056AF3B2B0}
		{FA642AC1-99D6-4524-BD6D-BDEB52B522FE} = {7AB455C2-1571-42DA-B8CB-71056AF3B2B0}
		{48E4C98A-19FC-468D-80BC-AF6EDC29B4D0} = {7AB455C2-1571-42DA-B8CB-71056AF3B2B0}
		{B772EB13-ECE8-456D-A889-09EEEF70DF49} = {7AB455C2-1571-42DA-B8CB-71056AF3B2B0}
		{413B1885-DDD1-4DB9-9921-D97FC4D27185} = {5184C584-D864-4F87-9F06-986010CF015C}
		{95D8B9E7-5012-4991-94D3-70A3241619BC} = {5184C584-D864-4F87-9F06-986010CF015C}
		{AF0B4956-C89C-41FE-AF05-660A1DAD3800} = {5184C584-D864-4F87-9F06-986010CF015C}
		{349D0DC6-C4EE-441B-AD4C-2120CBE4DB17} = {2D59AC82-81F0-4866-BE02-B7725005DEEE}
		{66605331-CF75-4B89-AB8F-B8864BE67FA8} = {2D59AC82-81F0-4866-BE02-B7725005DEEE}
		{4B01D261-8079-4A91-B3BC-C56C2828EBD8} = {2D59AC82-81F0-4866-BE02-B7725005DEEE}
		{0E813D3B-83E3-45E3-911E-476A2EB91155} = {2D59AC82-81F0-4866-BE02-B7725005DEEE}
		{840E5017-A72C-4935-8267-06866B7F6BBC} = {2D59AC82-81F0-4866-BE02-B7725005DEEE}
		{86EE82F8-9CEC-4498-A19F-A41D0DABBD16} = {2D59AC82-81F0-4866-BE02-B7725005DEEE}
		{2F6FBB6F-59CB-4E31-8DE0-BDA8F29D6EC9} = {2D59AC82-81F0-4866-BE02-B7725005DEEE}
	EndGlobalSection
EndGlobal
